
Microsoft Visual Studio Solution File, Format Version 12.00
# Visual Studio Version 17
VisualStudioVersion = 17.14.36705.20 d17.14
MinimumVisualStudioVersion = 10.0.40219.1
Project("{FAE04EC0-301F-11D3-BF4B-00C04F79EFBC}") = "HRSM.Models", "HRSM.Models\HRSM.Models.csproj", "{C5CE0C62-865E-40E2-B63E-C5B507AFFEAD}"
EndProject
Project("{FAE04EC0-301F-11D3-BF4B-00C04F79EFBC}") = "HRSM.DAL", "HRSM.DAL\HRSM.DAL.csproj", "{4A6AEA9A-5257-4C08-9A9B-929EF02529DA}"
EndProject
Project("{FAE04EC0-301F-11D3-BF4B-00C04F79EFBC}") = "HRSM.BLL", "HRSM.BLL\HRSM.BLL.csproj", "{8431719B-CD43-43DB-A58D-40D79780BCFA}"
EndProject
Project("{FAE04EC0-301F-11D3-BF4B-00C04F79EFBC}") = "HRSM.DbUtility", "HRSM.DbUtility\HRSM.DbUtility.csproj", "{1A630CC3-6A2E-425A-8060-355FF244C6D9}"
EndProject
Project("{FAE04EC0-301F-11D3-BF4B-00C04F79EFBC}") = "HRSM.Common", "HRSM.Common\HRSM.Common.csproj", "{230388A0-CB48-49D3-B308-491EE2434249}"
EndProject
Project("{FAE04EC0-301F-11D3-BF4B-00C04F79EFBC}") = "HRSM.HRSMApp", "HRSM.HRSMApp\HRSM.HRSMApp.csproj", "{45DE4286-DD43-47EA-83B1-4E6F02044FF6}"
EndProject
Global
	GlobalSection(SolutionConfigurationPlatforms) = preSolution
		Debug|Any CPU = Debug|Any CPU
		Release|Any CPU = Release|Any CPU
	EndGlobalSection
	GlobalSection(ProjectConfigurationPlatforms) = postSolution
		{C5CE0C62-865E-40E2-B63E-C5B507AFFEAD}.Debug|Any CPU.ActiveCfg = Debug|Any CPU
		{C5CE0C62-865E-40E2-B63E-C5B507AFFEAD}.Debug|Any CPU.Build.0 = Debug|Any CPU
		{C5CE0C62-865E-40E2-B63E-C5B507AFFEAD}.Release|Any CPU.ActiveCfg = Release|Any CPU
		{C5CE0C62-865E-40E2-B63E-C5B507AFFEAD}.Release|Any CPU.Build.0 = Release|Any CPU
		{4A6AEA9A-5257-4C08-9A9B-929EF02529DA}.Debug|Any CPU.ActiveCfg = Debug|Any CPU
		{4A6AEA9A-5257-4C08-9A9B-929EF02529DA}.Debug|Any CPU.Build.0 = Debug|Any CPU
		{4A6AEA9A-5257-4C08-9A9B-929EF02529DA}.Release|Any CPU.ActiveCfg = Release|Any CPU
		{4A6AEA9A-5257-4C08-9A9B-929EF02529DA}.Release|Any CPU.Build.0 = Release|Any CPU
		{8431719B-CD43-43DB-A58D-40D79780BCFA}.Debug|Any CPU.ActiveCfg = Debug|Any CPU
		{8431719B-CD43-43DB-A58D-40D79780BCFA}.Debug|Any CPU.Build.0 = Debug|Any CPU
		{8431719B-CD43-43DB-A58D-40D79780BCFA}.Release|Any CPU.ActiveCfg = Release|Any CPU
		{8431719B-CD43-43DB-A58D-40D79780BCFA}.Release|Any CPU.Build.0 = Release|Any CPU
		{1A630CC3-6A2E-425A-8060-355FF244C6D9}.Debug|Any CPU.ActiveCfg = Debug|Any CPU
		{1A630CC3-6A2E-425A-8060-355FF244C6D9}.Debug|Any CPU.Build.0 = Debug|Any CPU
		{1A630CC3-6A2E-425A-8060-355FF244C6D9}.Release|Any CPU.ActiveCfg = Release|Any CPU
		{1A630CC3-6A2E-425A-8060-355FF244C6D9}.Release|Any CPU.Build.0 = Release|Any CPU
		{230388A0-CB48-49D3-B308-491EE2434249}.Debug|Any CPU.ActiveCfg = Debug|Any CPU
		{230388A0-CB48-49D3-B308-491EE2434249}.Debug|Any CPU.Build.0 = Debug|Any CPU
		{230388A0-CB48-49D3-B308-491EE2434249}.Release|Any CPU.ActiveCfg = Release|Any CPU
		{230388A0-CB48-49D3-B308-491EE2434249}.Release|Any CPU.Build.0 = Release|Any CPU
		{45DE4286-DD43-47EA-83B1-4E6F02044FF6}.Debug|Any CPU.ActiveCfg = Debug|Any CPU
		{45DE4286-DD43-47EA-83B1-4E6F02044FF6}.Debug|Any CPU.Build.0 = Debug|Any CPU
		{45DE4286-DD43-47EA-83B1-4E6F02044FF6}.Release|Any CPU.ActiveCfg = Release|Any CPU
		{45DE4286-DD43-47EA-83B1-4E6F02044FF6}.Release|Any CPU.Build.0 = Release|Any CPU
	EndGlobalSection
	GlobalSection(SolutionProperties) = preSolution
		HideSolutionNode = FALSE
	EndGlobalSection
	GlobalSection(ExtensibilityGlobals) = postSolution
		SolutionGuid = {F4373532-A700-432B-BEB0-1F80C92E3547}
	EndGlobalSection
EndGlobal
